
Microsoft Visual Studio Solution File, Format Version 12.00
# Visual Studio Version 16
VisualStudioVersion = 16.0.31515.178
MinimumVisualStudioVersion = 10.0.40219.1
Project("{FAE04EC0-301F-11D3-BF4B-00C04F79EFBC}") = "SportClub", "SportClub\SportClub.csproj", "{0BEFD7BB-12A7-41DB-B604-83079E20B60A}"
EndProject
Global
	GlobalSection(SolutionConfigurationPlatforms) = preSolution
		Debug|Any CPU = Debug|Any CPU
		Release|Any CPU = Release|Any CPU
	EndGlobalSection
	GlobalSection(ProjectConfigurationPlatforms) = postSolution
		{0BEFD7BB-12A7-41DB-B604-83079E20B60A}.Debug|Any CPU.ActiveCfg = Debug|Any CPU
		{0BEFD7BB-12A7-41DB-B604-83079E20B60A}.Debug|Any CPU.Build.0 = Debug|Any CPU
		{0BEFD7BB-12A7-41DB-B604-83079E20B60A}.Release|Any CPU.ActiveCfg = Release|Any CPU
		{0BEFD7BB-12A7-41DB-B604-83079E20B60A}.Release|Any CPU.Build.0 = Release|Any CPU
	EndGlobalSection
	GlobalSection(SolutionProperties) = preSolution
		HideSolutionNode = FALSE
	EndGlobalSection
	GlobalSection(ExtensibilityGlobals) = postSolution
		SolutionGuid = {C3E22D77-900B-437E-B3DD-45D24834D0A8}
	EndGlobalSection
EndGlobal
